
Microsoft Visual Studio Solution File, Format Version 12.00
# Visual Studio Version 17
VisualStudioVersion = 17.0.31903.59
MinimumVisualStudioVersion = 10.0.40219.1
Project("{FAE04EC0-301F-11D3-BF4B-00C04F79EFBC}") = "API", "API\API.csproj", "{1FC1D514-DAFD-444A-9B1A-61308DC1E6D1}"
EndProject
Project("{FAE04EC0-301F-11D3-BF4B-00C04F79EFBC}") = "Application", "Application\Application.csproj", "{02EA1582-F892-4267-A749-52AD13B4FFC3}"
EndProject
Project("{FAE04EC0-301F-11D3-BF4B-00C04F79EFBC}") = "Domain", "Domain\Domain.csproj", "{6F647D29-99B9-4F70-80F1-1EE52098F3B2}"
EndProject
Project("{FAE04EC0-301F-11D3-BF4B-00C04F79EFBC}") = "Persistence", "Persistence\Persistence.csproj", "{4491199E-EBE3-4BEF-87CB-8B8E477C6E3C}"
EndProject
Global
	GlobalSection(SolutionConfigurationPlatforms) = preSolution
		Debug|Any CPU = Debug|Any CPU
		Release|Any CPU = Release|Any CPU
	EndGlobalSection
	GlobalSection(SolutionProperties) = preSolution
		HideSolutionNode = FALSE
	EndGlobalSection
	GlobalSection(ProjectConfigurationPlatforms) = postSolution
		{1FC1D514-DAFD-444A-9B1A-61308DC1E6D1}.Debug|Any CPU.ActiveCfg = Debug|Any CPU
		{1FC1D514-DAFD-444A-9B1A-61308DC1E6D1}.Debug|Any CPU.Build.0 = Debug|Any CPU
		{1FC1D514-DAFD-444A-9B1A-61308DC1E6D1}.Release|Any CPU.ActiveCfg = Release|Any CPU
		{1FC1D514-DAFD-444A-9B1A-61308DC1E6D1}.Release|Any CPU.Build.0 = Release|Any CPU
		{02EA1582-F892-4267-A749-52AD13B4FFC3}.Debug|Any CPU.ActiveCfg = Debug|Any CPU
		{02EA1582-F892-4267-A749-52AD13B4FFC3}.Debug|Any CPU.Build.0 = Debug|Any CPU
		{02EA1582-F892-4267-A749-52AD13B4FFC3}.Release|Any CPU.ActiveCfg = Release|Any CPU
		{02EA1582-F892-4267-A749-52AD13B4FFC3}.Release|Any CPU.Build.0 = Release|Any CPU
		{6F647D29-99B9-4F70-80F1-1EE52098F3B2}.Debug|Any CPU.ActiveCfg = Debug|Any CPU
		{6F647D29-99B9-4F70-80F1-1EE52098F3B2}.Debug|Any CPU.Build.0 = Debug|Any CPU
		{6F647D29-99B9-4F70-80F1-1EE52098F3B2}.Release|Any CPU.ActiveCfg = Release|Any CPU
		{6F647D29-99B9-4F70-80F1-1EE52098F3B2}.Release|Any CPU.Build.0 = Release|Any CPU
		{4491199E-EBE3-4BEF-87CB-8B8E477C6E3C}.Debug|Any CPU.ActiveCfg = Debug|Any CPU
		{4491199E-EBE3-4BEF-87CB-8B8E477C6E3C}.Debug|Any CPU.Build.0 = Debug|Any CPU
		{4491199E-EBE3-4BEF-87CB-8B8E477C6E3C}.Release|Any CPU.ActiveCfg = Release|Any CPU
		{4491199E-EBE3-4BEF-87CB-8B8E477C6E3C}.Release|Any CPU.Build.0 = Release|Any CPU
	EndGlobalSection
EndGlobal
